Microsoft Visual Studio Solution File, Format Version 12.00
# Visual Studio 15
VisualStudioVersion = 15.0.27703.2047
MinimumVisualStudioVersion = 10.0.40219.1
Project("{FAE04EC0-301F-11D3-BF4B-00C04F79EFBC}") = "EstoqueMangas.Infra", "EstoqueMangas.Infra\EstoqueMangas.Infra.csproj", "{9E880FE6-955F-46F2-A6AA-4DC83B6D391F}"
EndProject
Project("{FAE04EC0-301F-11D3-BF4B-00C04F79EFBC}") = "EstoqueMangas.Domain", "EstoqueMangas.Domain\EstoqueMangas.Domain.csproj", "{4921C6FB-C6DB-4579-B3F3-EA294791C373}"
EndProject
Project("{FAE04EC0-301F-11D3-BF4B-00C04F79EFBC}") = "EstoqueMangas.Shared", "EstoqueMangas.Shared\EstoqueMangas.Shared.csproj", "{5944B8E0-4ACB-4CEF-9DEC-7BA8B9C2440A}"
EndProject
Project("{FAE04EC0-301F-11D3-BF4B-00C04F79EFBC}") = "EstoqueMangas.Api", "EstoqueMangas.Api\EstoqueMangas.Api.csproj", "{E0BCAE0E-DFCF-4D19-8DA0-DA3B7C34A2E0}"
EndProject
Global
	GlobalSection(SolutionConfigurationPlatforms) = preSolution
		Debug|Any CPU = Debug|Any CPU
		Release|Any CPU = Release|Any CPU
	EndGlobalSection
	GlobalSection(ProjectConfigurationPlatforms) = postSolution
		{9E880FE6-955F-46F2-A6AA-4DC83B6D391F}.Debug|Any CPU.ActiveCfg = Debug|Any CPU
		{9E880FE6-955F-46F2-A6AA-4DC83B6D391F}.Debug|Any CPU.Build.0 = Debug|Any CPU
		{9E880FE6-955F-46F2-A6AA-4DC83B6D391F}.Release|Any CPU.ActiveCfg = Release|Any CPU
		{9E880FE6-955F-46F2-A6AA-4DC83B6D391F}.Release|Any CPU.Build.0 = Release|Any CPU
		{4921C6FB-C6DB-4579-B3F3-EA294791C373}.Debug|Any CPU.ActiveCfg = Debug|Any CPU
		{4921C6FB-C6DB-4579-B3F3-EA294791C373}.Debug|Any CPU.Build.0 = Debug|Any CPU
		{4921C6FB-C6DB-4579-B3F3-EA294791C373}.Release|Any CPU.ActiveCfg = Release|Any CPU
		{4921C6FB-C6DB-4579-B3F3-EA294791C373}.Release|Any CPU.Build.0 = Release|Any CPU
		{5944B8E0-4ACB-4CEF-9DEC-7BA8B9C2440A}.Debug|Any CPU.ActiveCfg = Debug|Any CPU
		{5944B8E0-4ACB-4CEF-9DEC-7BA8B9C2440A}.Debug|Any CPU.Build.0 = Debug|Any CPU
		{5944B8E0-4ACB-4CEF-9DEC-7BA8B9C2440A}.Release|Any CPU.ActiveCfg = Release|Any CPU
		{5944B8E0-4ACB-4CEF-9DEC-7BA8B9C2440A}.Release|Any CPU.Build.0 = Release|Any CPU
		{E0BCAE0E-DFCF-4D19-8DA0-DA3B7C34A2E0}.Debug|Any CPU.ActiveCfg = Debug|Any CPU
		{E0BCAE0E-DFCF-4D19-8DA0-DA3B7C34A2E0}.Debug|Any CPU.Build.0 = Debug|Any CPU
		{E0BCAE0E-DFCF-4D19-8DA0-DA3B7C34A2E0}.Release|Any CPU.ActiveCfg = Release|Any CPU
		{E0BCAE0E-DFCF-4D19-8DA0-DA3B7C34A2E0}.Release|Any CPU.Build.0 = Release|Any CPU
	EndGlobalSection
	GlobalSection(SolutionProperties) = preSolution
		HideSolutionNode = FALSE
	EndGlobalSection
	GlobalSection(ExtensibilityGlobals) = postSolution
		SolutionGuid = {03BF58B8-9DB9-43C0-AFAA-1CF64EE9C13D}
	EndGlobalSection
EndGlobal
